version = 1

[[rulesets]]
id = "RUST_CODING"
catalog_version = "1.0.0"
path = "rust/coding.toml"
digest = "67453c23c571c9bdcae7c8d6caccdfcd42ac290745443b5ba2789404b03cc950"

[[rulesets]]
id = "RUST_COMMENT"
catalog_version = "1.0.0"
path = "rust/comment.toml"
digest = "66d1373a16db5c5d2652712612720562c6cab24778cf712e693ea6c52fbe6adf"

[[rulesets]]
id = "RUST_CRATE"
catalog_version = "1.0.0"
path = "rust/crate.toml"
digest = "6d4ae3d58912de729ab3f9ba0c0a4c6f9df8985377523b2dc60240bfa6d7abf2"

[[rulesets]]
id = "RUST_TEST"
catalog_version = "1.0.0"
path = "rust/test.toml"
digest = "ab9dae1b78615cd2d13e0af6e9068664030ff6c9de121fb0fbf4b60064ad2649"
