version = 1

[[rulesets]]
id = "RUST_CODING"
catalog_version = "1.0.1"
path = "rust/coding.toml"
digest = "2ef0f176be5cada0a062a7a6d66284bca68bd0a93344f91916f14d913fbbb58c"

[[rulesets]]
id = "RUST_COMMENT"
catalog_version = "1.0.0"
path = "rust/comment.toml"
digest = "66d1373a16db5c5d2652712612720562c6cab24778cf712e693ea6c52fbe6adf"

[[rulesets]]
id = "RUST_CRATE"
catalog_version = "1.0.1"
path = "rust/crate.toml"
digest = "fd90e4893081d7bb78a2a64ed240fc4e02ca46ff7fe5919ef8bcf24a89dbed2a"

[[rulesets]]
id = "RUST_TEST"
catalog_version = "1.0.0"
path = "rust/test.toml"
digest = "ab9dae1b78615cd2d13e0af6e9068664030ff6c9de121fb0fbf4b60064ad2649"
